{
  "name": "DuiXml",
  "version": "0.0.1",
  "lockfileVersion": 1,
  "requires": true,
  "dependencies": {
    "fs": {
      "version": "0.0.1-security",
      "resolved": "http://registry.npm.taobao.org/fs/download/fs-0.0.1-security.tgz",
      "integrity": "sha1-invTcYa23d84E/I4WLV+yq9eQdQ="
    },
    "xml2js": {
      "version": "0.4.19",
      "resolved": "http://registry.npm.taobao.org/xml2js/download/xml2js-0.4.19.tgz",
      "integrity": "sha1-aGwg8hMgnpSr8NG88e+qKRx4J6c=",
      "requires": {
        "sax": "1.2.4",
        "xmlbuilder": "9.0.7"
      },
      "dependencies": {
        "sax": {
          "version": "1.2.4",
          "resolved": "http://registry.npm.taobao.org/sax/download/sax-1.2.4.tgz",
          "integrity": "sha1-KBYjTiN4vdxOU1T6tcqold9xANk="
        }
      }
    },
    "xmlbuilder": {
      "version": "9.0.7",
      "resolved": "http://registry.npm.taobao.org/xmlbuilder/download/xmlbuilder-9.0.7.tgz",
      "integrity": "sha1-Ey7mPS7FVlxVfiD0wi35rKaGsQ0="
    }
  }
}
